
Microsoft Visual Studio Solution File, Format Version 12.00
# Visual Studio Version 17
VisualStudioVersion = 17.6.33801.468
MinimumVisualStudioVersion = 10.0.40219.1
Project("{9A19103F-16F7-4668-BE54-9A1E7A4F7556}") = "EvaluationSystem", "EvaluationSystem.csproj", "{368FB79D-9EF3-4896-ABE7-1A21F7418414}"
EndProject
Project("{FAE04EC0-301F-11D3-BF4B-00C04F79EFBC}") = "EvaluationDLL", "..\DLLFILES\EvaluationDLL\EvaluationDLL.csproj", "{D8B54C41-BCC7-4D39-AD5C-03188C114F31}"
EndProject
Global
	GlobalSection(SolutionConfigurationPlatforms) = preSolution
		Debug|Any CPU = Debug|Any CPU
		Release|Any CPU = Release|Any CPU
	EndGlobalSection
	GlobalSection(ProjectConfigurationPlatforms) = postSolution
		{368FB79D-9EF3-4896-ABE7-1A21F7418414}.Debug|Any CPU.ActiveCfg = Debug|Any CPU
		{368FB79D-9EF3-4896-ABE7-1A21F7418414}.Debug|Any CPU.Build.0 = Debug|Any CPU
		{368FB79D-9EF3-4896-ABE7-1A21F7418414}.Release|Any CPU.ActiveCfg = Release|Any CPU
		{368FB79D-9EF3-4896-ABE7-1A21F7418414}.Release|Any CPU.Build.0 = Release|Any CPU
		{D8B54C41-BCC7-4D39-AD5C-03188C114F31}.Debug|Any CPU.ActiveCfg = Debug|Any CPU
		{D8B54C41-BCC7-4D39-AD5C-03188C114F31}.Debug|Any CPU.Build.0 = Debug|Any CPU
		{D8B54C41-BCC7-4D39-AD5C-03188C114F31}.Release|Any CPU.ActiveCfg = Release|Any CPU
		{D8B54C41-BCC7-4D39-AD5C-03188C114F31}.Release|Any CPU.Build.0 = Release|Any CPU
	EndGlobalSection
	GlobalSection(SolutionProperties) = preSolution
		HideSolutionNode = FALSE
	EndGlobalSection
	GlobalSection(ExtensibilityGlobals) = postSolution
		SolutionGuid = {79D17D42-032E-48BF-9C09-159B5470CE33}
	EndGlobalSection
EndGlobal
